// !$*UTF8*$!
{
	archiveVersion = 1;
	classes = {
	};
	objectVersion = 46;
	objects = {

/* Begin PBXBuildFile section */
		D909CD831EC172F9003F0B9C /* main.m in Sources */ = {isa = PBXBuildFile; fileRef = D909CD821EC172F9003F0B9C /* main.m */; };
		D909CD861EC172F9003F0B9C /* AppDelegate.m in Sources */ = {isa = PBXBuildFile; fileRef = D909CD851EC172F9003F0B9C /* AppDelegate.m */; };
		D909CD891EC172F9003F0B9C /* ViewController.m in Sources */ = {isa = PBXBuildFile; fileRef = D909CD881EC172F9003F0B9C /* ViewController.m */; };
		D909CD8C1EC172F9003F0B9C /* Main.storyboard in Resources */ = {isa = PBXBuildFile; fileRef = D909CD8A1EC172F9003F0B9C /* Main.storyboard */; };
		D909CD8E1EC172F9003F0B9C /* Assets.xcassets in Resources */ = {isa = PBXBuildFile; fileRef = D909CD8D1EC172F9003F0B9C /* Assets.xcassets */; };
		D909CD911EC172F9003F0B9C /* LaunchScreen.storyboard in Resources */ = {isa = PBXBuildFile; fileRef = D909CD8F1EC172F9003F0B9C /* LaunchScreen.storyboard */; };
/* End PBXBuildFile section */

/* Begin PBXFileReference section */
		D909CD7E1EC172F9003F0B9C /* CAReplicator.app */ = {isa = PBXFileReference; explicitFileType = wrapper.application; includeInIndex = 0; path = CAReplicator.app; sourceTree = BUILT_PRODUCTS_DIR; };
		D909CD821EC172F9003F0B9C /* main.m */ = {isa = PBXFileReference; lastKnownFileType = sourcecode.c.objc; path = main.m; sourceTree = "<group>"; };
		D909CD841EC172F9003F0B9C /* AppDelegate.h */ = {isa = PBXFileReference; lastKnownFileType = sourcecode.c.h; path = AppDelegate.h; sourceTree = "<group>"; };
		D909CD851EC172F9003F0B9C /* AppDelegate.m */ = {isa = PBXFileReference; lastKnownFileType = sourcecode.c.objc; path = AppDelegate.m; sourceTree = "<group>"; };
		D909CD871EC172F9003F0B9C /* ViewController.h */ = {isa = PBXFileReference; lastKnownFileType = sourcecode.c.h; path = ViewController.h; sourceTree = "<group>"; };
		D909CD881EC172F9003F0B9C /* ViewController.m */ = {isa = PBXFileReference; lastKnownFileType = sourcecode.c.objc; path = ViewController.m; sourceTree = "<group>"; };
		D909CD8B1EC172F9003F0B9C /* Base */ = {isa = PBXFileReference; lastKnownFileType = file.storyboard; name = Base; path = Base.lproj/Main.storyboard; sourceTree = "<group>"; };
		D909CD8D1EC172F9003F0B9C /* Assets.xcassets */ = {isa = PBXFileReference; lastKnownFileType = folder.assetcatalog; path = Assets.xcassets; sourceTree = "<group>"; };
		D909CD901EC172F9003F0B9C /* Base */ = {isa = PBXFileReference; lastKnownFileType = file.storyboard; name = Base; path = Base.lproj/LaunchScreen.storyboard; sourceTree = "<group>"; };
		D909CD921EC172F9003F0B9C /* Info.plist */ = {isa = PBXFileReference; lastKnownFileType = text.plist.xml; path = Info.plist; sourceTree = "<group>"; };
/* End PBXFileReference section */

/* Begin PBXFrameworksBuildPhase section */
		D909CD7B1EC172F9003F0B9C /* Frameworks */ = {
			isa = PBXFrameworksBuildPhase;
			buildActionMask = 2147483647;
			files = (
			);
			runOnlyForDeploymentPostprocessing = 0;
		};
/* End PBXFrameworksBuildPhase section */

/* Begin PBXGroup section */
		D909CD751EC172F9003F0B9C = {
			isa = PBXGroup;
			children = (
				D909CD801EC172F9003F0B9C /* CAReplicator */,
				D909CD7F1EC172F9003F0B9C /* Products */,
			);
			sourceTree = "<group>";
		};
		D909CD7F1EC172F9003F0B9C /* Products */ = {
			isa = PBXGroup;
			children = (
				D909CD7E1EC172F9003F0B9C /* CAReplicator.app */,
			);
			name = Products;
			sourceTree = "<group>";
		};
		D909CD801EC172F9003F0B9C /* CAReplicator */ = {
			isa = PBXGroup;
			children = (
				D909CD841EC172F9003F0B9C /* AppDelegate.h */,
				D909CD851EC172F9003F0B9C /* AppDelegate.m */,
				D909CD871EC172F9003F0B9C /* ViewController.h */,
				D909CD881EC172F9003F0B9C /* ViewController.m */,
				D909CD8A1EC172F9003F0B9C /* Main.storyboard */,
				D909CD8D1EC172F9003F0B9C /* Assets.xcassets */,
				D909CD8F1EC172F9003F0B9C /* LaunchScreen.storyboard */,
				D909CD921EC172F9003F0B9C /* Info.plist */,
				D909CD811EC172F9003F0B9C /* Supporting Files */,
			);
			path = CAReplicator;
			sourceTree = "<group>";
		};
		D909CD811EC172F9003F0B9C /* Supporting Files */ = {
			isa = PBXGroup;
			children = (
				D909CD821EC172F9003F0B9C /* main.m */,
			);
			name = "Supporting Files";
			sourceTree = "<group>";
		};
/* End PBXGroup section */

/* Begin PBXNativeTarget section */
		D909CD7D1EC172F9003F0B9C /* CAReplicator */ = {
			isa = PBXNativeTarget;
			buildConfigurationList = D909CD951EC172F9003F0B9C /* Build configuration list for PBXNativeTarget "CAReplicator" */;
			buildPhases = (
				D909CD7A1EC172F9003F0B9C /* Sources */,
				D909CD7B1EC172F9003F0B9C /* Frameworks */,
				D909CD7C1EC172F9003F0B9C /* Resources */,
			);
			buildRules = (
			);
			dependencies = (
			);
			name = CAReplicator;
			productName = demo;
			productReference = D909CD7E1EC172F9003F0B9C /* CAReplicator.app */;
			productType = "com.apple.product-type.application";
		};
/* End PBXNativeTarget section */

/* Begin PBXProject section */
		D909CD761EC172F9003F0B9C /* Project object */ = {
			isa = PBXProject;
			attributes = {
				LastUpgradeCheck = 0830;
				ORGANIZATIONNAME = "Quang Tran";
				TargetAttributes = {
					D909CD7D1EC172F9003F0B9C = {
						CreatedOnToolsVersion = 8.3.2;
						DevelopmentTeam = 8M63B65N66;
						ProvisioningStyle = Automatic;
					};
				};
			};
			buildConfigurationList = D909CD791EC172F9003F0B9C /* Build configuration list for PBXProject "CAReplicator" */;
			compatibilityVersion = "Xcode 3.2";
			developmentRegion = English;
			hasScannedForEncodings = 0;
			knownRegions = (
				en,
				Base,
			);
			mainGroup = D909CD751EC172F9003F0B9C;
			productRefGroup = D909CD7F1EC172F9003F0B9C /* Products */;
			projectDirPath = "";
			projectRoot = "";
			targets = (
				D909CD7D1EC172F9003F0B9C /* CAReplicator */,
			);
		};
/* End PBXProject section */

/* Begin PBXResourcesBuildPhase section */
		D909CD7C1EC172F9003F0B9C /* Resources */ = {
			isa = PBXResourcesBuildPhase;
			buildActionMask = 2147483647;
			files = (
				D909CD911EC172F9003F0B9C /* LaunchScreen.storyboard in Resources */,
				D909CD8E1EC172F9003F0B9C /* Assets.xcassets in Resources */,
				D909CD8C1EC172F9003F0B9C /* Main.storyboard in Resources */,
			);
			runOnlyForDeploymentPostprocessing = 0;
		};
/* End PBXResourcesBuildPhase section */

/* Begin PBXSourcesBuildPhase section */
		D909CD7A1EC172F9003F0B9C /* Sources */ = {
			isa = PBXSourcesBuildPhase;
			buildActionMask = 2147483647;
			files = (
				D909CD891EC172F9003F0B9C /* ViewController.m in Sources */,
				D909CD861EC172F9003F0B9C /* AppDelegate.m in Sources */,
				D909CD831EC172F9003F0B9C /* main.m in Sources */,
			);
			runOnlyForDeploymentPostprocessing = 0;
		};
/* End PBXSourcesBuildPhase section */

/* Begin PBXVariantGroup section */
		D909CD8A1EC172F9003F0B9C /* Main.storyboard */ = {
			isa = PBXVariantGroup;
			children = (
				D909CD8B1EC172F9003F0B9C /* Base */,
			);
			name = Main.storyboard;
			sourceTree = "<group>";
		};
		D909CD8F1EC172F9003F0B9C /* LaunchScreen.storyboard */ = {
			isa = PBXVariantGroup;
			children = (
				D909CD901EC172F9003F0B9C /* Base */,
			);
			name = LaunchScreen.storyboard;
			sourceTree = "<group>";
		};
/* End PBXVariantGroup section */

/* Begin XCBuildConfiguration section */
		D909CD931EC172F9003F0B9C /* Debug */ = {
			isa = XCBuildConfiguration;
			buildSettings = {
				ALWAYS_SEARCH_USER_PATHS = NO;
				CLANG_ANALYZER_NONNULL = YES;
				CLANG_ANALYZER_NUMBER_OBJECT_CONVERSION = YES_AGGRESSIVE;
				CLANG_CXX_LANGUAGE_STANDARD = "gnu++0x";
				CLANG_CXX_LIBRARY = "libc++";
				CLANG_ENABLE_MODULES = YES;
				CLANG_ENABLE_OBJC_ARC = YES;
				CLANG_WARN_BOOL_CONVERSION = YES;
				CLANG_WARN_CONSTANT_CONVERSION = YES;
				CLANG_WARN_DIRECT_OBJC_ISA_USAGE = YES_ERROR;
				CLANG_WARN_DOCUMENTATION_COMMENTS = YES;
				CLANG_WARN_EMPTY_BODY = YES;
				CLANG_WARN_ENUM_CONVERSION = YES;
				CLANG_WARN_INFINITE_RECURSION = YES;
				CLANG_WARN_INT_CONVERSION = YES;
				CLANG_WARN_OBJC_ROOT_CLASS = YES_ERROR;
				CLANG_WARN_SUSPICIOUS_MOVE = YES;
				CLANG_WARN_UNREACHABLE_CODE = YES;
				CLANG_WARN__DUPLICATE_METHOD_MATCH = YES;
				"CODE_SIGN_IDENTITY[sdk=iphoneos*]" = "iPhone Developer";
				COPY_PHASE_STRIP = NO;
				DEBUG_INFORMATION_FORMAT = dwarf;
				ENABLE_STRICT_OBJC_MSGSEND = YES;
				ENABLE_TESTABILITY = YES;
				GCC_C_LANGUAGE_STANDARD = gnu99;
				GCC_DYNAMIC_NO_PIC = NO;
				GCC_NO_COMMON_BLOCKS = YES;
				GCC_OPTIMIZATION_LEVEL = 0;
				GCC_PREPROCESSOR_DEFINITIONS = (
					"DEBUG=1",
					"$(inherited)",
				);
				GCC_WARN_64_TO_32_BIT_CONVERSION = YES;
				GCC_WARN_ABOUT_RETURN_TYPE = YES_ERROR;
				GCC_WARN_UNDECLARED_SELECTOR = YES;
				GCC_WARN_UNINITIALIZED_AUTOS = YES_AGGRESSIVE;
				GCC_WARN_UNUSED_FUNCTION = YES;
				GCC_WARN_UNUSED_VARIABLE = YES;
				IPHONEOS_DEPLOYMENT_TARGET = 10.3;
				MTL_ENABLE_DEBUG_INFO = YES;
				ONLY_ACTIVE_ARCH = YES;
				SDKROOT = iphoneos;
				TARGETED_DEVICE_FAMILY = "1,2";
			};
			name = Debug;
		};
		D909CD941EC172F9003F0B9C /* Release */ = {
			isa = XCBuildConfiguration;
			buildSettings = {
				ALWAYS_SEARCH_USER_PATHS = NO;
				CLANG_ANALYZER_NONNULL = YES;
				CLANG_ANALYZER_NUMBER_OBJECT_CONVERSION = YES_AGGRESSIVE;
				CLANG_CXX_LANGUAGE_STANDARD = "gnu++0x";
				CLANG_CXX_LIBRARY = "libc++";
				CLANG_ENABLE_MODULES = YES;
				CLANG_ENABLE_OBJC_ARC = YES;
				CLANG_WARN_BOOL_CONVERSION = YES;
				CLANG_WARN_CONSTANT_CONVERSION = YES;
				CLANG_WARN_DIRECT_OBJC_ISA_USAGE = YES_ERROR;
				CLANG_WARN_DOCUMENTATION_COMMENTS = YES;
				CLANG_WARN_EMPTY_BODY = YES;
				CLANG_WARN_ENUM_CONVERSION = YES;
				CLANG_WARN_INFINITE_RECURSION = YES;
				CLANG_WARN_INT_CONVERSION = YES;
				CLANG_WARN_OBJC_ROOT_CLASS = YES_ERROR;
				CLANG_WARN_SUSPICIOUS_MOVE = YES;
				CLANG_WARN_UNREACHABLE_CODE = YES;
				CLANG_WARN__DUPLICATE_METHOD_MATCH = YES;
				"CODE_SIGN_IDENTITY[sdk=iphoneos*]" = "iPhone Developer";
				COPY_PHASE_STRIP = NO;
				DEBUG_INFORMATION_FORMAT = "dwarf-with-dsym";
				ENABLE_NS_ASSERTIONS = NO;
				ENABLE_STRICT_OBJC_MSGSEND = YES;
				GCC_C_LANGUAGE_STANDARD = gnu99;
				GCC_NO_COMMON_BLOCKS = YES;
				GCC_WARN_64_TO_32_BIT_CONVERSION = YES;
				GCC_WARN_ABOUT_RETURN_TYPE = YES_ERROR;
				GCC_WARN_UNDECLARED_SELECTOR = YES;
				GCC_WARN_UNINITIALIZED_AUTOS = YES_AGGRESSIVE;
				GCC_WARN_UNUSED_FUNCTION = YES;
				GCC_WARN_UNUSED_VARIABLE = YES;
				IPHONEOS_DEPLOYMENT_TARGET = 10.3;
				MTL_ENABLE_DEBUG_INFO = NO;
				SDKROOT = iphoneos;
				TARGETED_DEVICE_FAMILY = "1,2";
				VALIDATE_PRODUCT = YES;
			};
			name = Release;
		};
		D909CD961EC172F9003F0B9C /* Debug */ = {
			isa = XCBuildConfiguration;
			buildSettings = {
				ASSETCATALOG_COMPILER_APPICON_NAME = AppIcon;
				DEVELOPMENT_TEAM = 8M63B65N66;
				INFOPLIST_FILE = CAReplicator/Info.plist;
				IPHONEOS_DEPLOYMENT_TARGET = 9.1;
				LD_RUNPATH_SEARCH_PATHS = "$(inherited) @executable_path/Frameworks";
				PRODUCT_BUNDLE_IDENTIFIER = com.quangtqag.CAReplicator;
				PRODUCT_NAME = "$(TARGET_NAME)";
			};
			name = Debug;
		};
		D909CD971EC172F9003F0B9C /* Release */ = {
			isa = XCBuildConfiguration;
			buildSettings = {
				ASSETCATALOG_COMPILER_APPICON_NAME = AppIcon;
				DEVELOPMENT_TEAM = 8M63B65N66;
				INFOPLIST_FILE = CAReplicator/Info.plist;
				IPHONEOS_DEPLOYMENT_TARGET = 9.1;
				LD_RUNPATH_SEARCH_PATHS = "$(inherited) @executable_path/Frameworks";
				PRODUCT_BUNDLE_IDENTIFIER = com.quangtqag.CAReplicator;
				PRODUCT_NAME = "$(TARGET_NAME)";
			};
			name = Release;
		};
/* End XCBuildConfiguration section */

/* Begin XCConfigurationList section */
		D909CD791EC172F9003F0B9C /* Build configuration list for PBXProject "CAReplicator" */ = {
			isa = XCConfigurationList;
			buildConfigurations = (
				D909CD931EC172F9003F0B9C /* Debug */,
				D909CD941EC172F9003F0B9C /* Release */,
			);
			defaultConfigurationIsVisible = 0;
			defaultConfigurationName = Release;
		};
		D909CD951EC172F9003F0B9C /* Build configuration list for PBXNativeTarget "CAReplicator" */ = {
			isa = XCConfigurationList;
			buildConfigurations = (
				D909CD961EC172F9003F0B9C /* Debug */,
				D909CD971EC172F9003F0B9C /* Release */,
			);
			defaultConfigurationIsVisible = 0;
			defaultConfigurationName = Release;
		};
/* End XCConfigurationList section */
	};
	rootObject = D909CD761EC172F9003F0B9C /* Project object */;
}
