// !$*UTF8*$!
{
	archiveVersion = 1;
	classes = {
	};
	objectVersion = 46;
	objects = {

/* Begin PBXBuildFile section */
		1BE539511EDA94D7002C08B4 /* main.m in Sources */ = {isa = PBXBuildFile; fileRef = 1BE539501EDA94D7002C08B4 /* main.m */; };
		1BE539541EDA94D7002C08B4 /* AppDelegate.m in Sources */ = {isa = PBXBuildFile; fileRef = 1BE539531EDA94D7002C08B4 /* AppDelegate.m */; };
		1BE539571EDA94D7002C08B4 /* ViewController.m in Sources */ = {isa = PBXBuildFile; fileRef = 1BE539561EDA94D7002C08B4 /* ViewController.m */; };
		1BE5395A1EDA94D7002C08B4 /* Main.storyboard in Resources */ = {isa = PBXBuildFile; fileRef = 1BE539581EDA94D7002C08B4 /* Main.storyboard */; };
		1BE5395C1EDA94D7002C08B4 /* Assets.xcassets in Resources */ = {isa = PBXBuildFile; fileRef = 1BE5395B1EDA94D7002C08B4 /* Assets.xcassets */; };
		1BE5395F1EDA94D7002C08B4 /* LaunchScreen.storyboard in Resources */ = {isa = PBXBuildFile; fileRef = 1BE5395D1EDA94D7002C08B4 /* LaunchScreen.storyboard */; };
/* End PBXBuildFile section */

/* Begin PBXFileReference section */
		1BE5394C1EDA94D7002C08B4 /* BrokenImage.app */ = {isa = PBXFileReference; explicitFileType = wrapper.application; includeInIndex = 0; path = BrokenImage.app; sourceTree = BUILT_PRODUCTS_DIR; };
		1BE539501EDA94D7002C08B4 /* main.m */ = {isa = PBXFileReference; lastKnownFileType = sourcecode.c.objc; path = main.m; sourceTree = "<group>"; };
		1BE539521EDA94D7002C08B4 /* AppDelegate.h */ = {isa = PBXFileReference; lastKnownFileType = sourcecode.c.h; path = AppDelegate.h; sourceTree = "<group>"; };
		1BE539531EDA94D7002C08B4 /* AppDelegate.m */ = {isa = PBXFileReference; lastKnownFileType = sourcecode.c.objc; path = AppDelegate.m; sourceTree = "<group>"; };
		1BE539551EDA94D7002C08B4 /* ViewController.h */ = {isa = PBXFileReference; lastKnownFileType = sourcecode.c.h; path = ViewController.h; sourceTree = "<group>"; };
		1BE539561EDA94D7002C08B4 /* ViewController.m */ = {isa = PBXFileReference; lastKnownFileType = sourcecode.c.objc; path = ViewController.m; sourceTree = "<group>"; };
		1BE539591EDA94D7002C08B4 /* Base */ = {isa = PBXFileReference; lastKnownFileType = file.storyboard; name = Base; path = Base.lproj/Main.storyboard; sourceTree = "<group>"; };
		1BE5395B1EDA94D7002C08B4 /* Assets.xcassets */ = {isa = PBXFileReference; lastKnownFileType = folder.assetcatalog; path = Assets.xcassets; sourceTree = "<group>"; };
		1BE5395E1EDA94D7002C08B4 /* Base */ = {isa = PBXFileReference; lastKnownFileType = file.storyboard; name = Base; path = Base.lproj/LaunchScreen.storyboard; sourceTree = "<group>"; };
		1BE539601EDA94D7002C08B4 /* Info.plist */ = {isa = PBXFileReference; lastKnownFileType = text.plist.xml; path = Info.plist; sourceTree = "<group>"; };
/* End PBXFileReference section */

/* Begin PBXFrameworksBuildPhase section */
		1BE539491EDA94D7002C08B4 /* Frameworks */ = {
			isa = PBXFrameworksBuildPhase;
			buildActionMask = 2147483647;
			files = (
			);
			runOnlyForDeploymentPostprocessing = 0;
		};
/* End PBXFrameworksBuildPhase section */

/* Begin PBXGroup section */
		1BE539431EDA94D7002C08B4 = {
			isa = PBXGroup;
			children = (
				1BE5394E1EDA94D7002C08B4 /* BrokenImage */,
				1BE5394D1EDA94D7002C08B4 /* Products */,
			);
			sourceTree = "<group>";
		};
		1BE5394D1EDA94D7002C08B4 /* Products */ = {
			isa = PBXGroup;
			children = (
				1BE5394C1EDA94D7002C08B4 /* BrokenImage.app */,
			);
			name = Products;
			sourceTree = "<group>";
		};
		1BE5394E1EDA94D7002C08B4 /* BrokenImage */ = {
			isa = PBXGroup;
			children = (
				1BE539521EDA94D7002C08B4 /* AppDelegate.h */,
				1BE539531EDA94D7002C08B4 /* AppDelegate.m */,
				1BE539551EDA94D7002C08B4 /* ViewController.h */,
				1BE539561EDA94D7002C08B4 /* ViewController.m */,
				1BE539581EDA94D7002C08B4 /* Main.storyboard */,
				1BE5395B1EDA94D7002C08B4 /* Assets.xcassets */,
				1BE5395D1EDA94D7002C08B4 /* LaunchScreen.storyboard */,
				1BE539601EDA94D7002C08B4 /* Info.plist */,
				1BE5394F1EDA94D7002C08B4 /* Supporting Files */,
			);
			path = BrokenImage;
			sourceTree = "<group>";
		};
		1BE5394F1EDA94D7002C08B4 /* Supporting Files */ = {
			isa = PBXGroup;
			children = (
				1BE539501EDA94D7002C08B4 /* main.m */,
			);
			name = "Supporting Files";
			sourceTree = "<group>";
		};
/* End PBXGroup section */

/* Begin PBXNativeTarget section */
		1BE5394B1EDA94D7002C08B4 /* BrokenImage */ = {
			isa = PBXNativeTarget;
			buildConfigurationList = 1BE539631EDA94D7002C08B4 /* Build configuration list for PBXNativeTarget "BrokenImage" */;
			buildPhases = (
				1BE539481EDA94D7002C08B4 /* Sources */,
				1BE539491EDA94D7002C08B4 /* Frameworks */,
				1BE5394A1EDA94D7002C08B4 /* Resources */,
			);
			buildRules = (
			);
			dependencies = (
			);
			name = BrokenImage;
			productName = BrokenImage;
			productReference = 1BE5394C1EDA94D7002C08B4 /* BrokenImage.app */;
			productType = "com.apple.product-type.application";
		};
/* End PBXNativeTarget section */

/* Begin PBXProject section */
		1BE539441EDA94D7002C08B4 /* Project object */ = {
			isa = PBXProject;
			attributes = {
				LastUpgradeCheck = 0830;
				ORGANIZATIONNAME = "Quang Tran";
				TargetAttributes = {
					1BE5394B1EDA94D7002C08B4 = {
						CreatedOnToolsVersion = 8.3;
						DevelopmentTeam = 8M63B65N66;
						ProvisioningStyle = Automatic;
					};
				};
			};
			buildConfigurationList = 1BE539471EDA94D7002C08B4 /* Build configuration list for PBXProject "BrokenImage" */;
			compatibilityVersion = "Xcode 3.2";
			developmentRegion = English;
			hasScannedForEncodings = 0;
			knownRegions = (
				en,
				Base,
			);
			mainGroup = 1BE539431EDA94D7002C08B4;
			productRefGroup = 1BE5394D1EDA94D7002C08B4 /* Products */;
			projectDirPath = "";
			projectRoot = "";
			targets = (
				1BE5394B1EDA94D7002C08B4 /* BrokenImage */,
			);
		};
/* End PBXProject section */

/* Begin PBXResourcesBuildPhase section */
		1BE5394A1EDA94D7002C08B4 /* Resources */ = {
			isa = PBXResourcesBuildPhase;
			buildActionMask = 2147483647;
			files = (
				1BE5395F1EDA94D7002C08B4 /* LaunchScreen.storyboard in Resources */,
				1BE5395C1EDA94D7002C08B4 /* Assets.xcassets in Resources */,
				1BE5395A1EDA94D7002C08B4 /* Main.storyboard in Resources */,
			);
			runOnlyForDeploymentPostprocessing = 0;
		};
/* End PBXResourcesBuildPhase section */

/* Begin PBXSourcesBuildPhase section */
		1BE539481EDA94D7002C08B4 /* Sources */ = {
			isa = PBXSourcesBuildPhase;
			buildActionMask = 2147483647;
			files = (
				1BE539571EDA94D7002C08B4 /* ViewController.m in Sources */,
				1BE539541EDA94D7002C08B4 /* AppDelegate.m in Sources */,
				1BE539511EDA94D7002C08B4 /* main.m in Sources */,
			);
			runOnlyForDeploymentPostprocessing = 0;
		};
/* End PBXSourcesBuildPhase section */

/* Begin PBXVariantGroup section */
		1BE539581EDA94D7002C08B4 /* Main.storyboard */ = {
			isa = PBXVariantGroup;
			children = (
				1BE539591EDA94D7002C08B4 /* Base */,
			);
			name = Main.storyboard;
			sourceTree = "<group>";
		};
		1BE5395D1EDA94D7002C08B4 /* LaunchScreen.storyboard */ = {
			isa = PBXVariantGroup;
			children = (
				1BE5395E1EDA94D7002C08B4 /* Base */,
			);
			name = LaunchScreen.storyboard;
			sourceTree = "<group>";
		};
/* End PBXVariantGroup section */

/* Begin XCBuildConfiguration section */
		1BE539611EDA94D7002C08B4 /* Debug */ = {
			isa = XCBuildConfiguration;
			buildSettings = {
				ALWAYS_SEARCH_USER_PATHS = NO;
				CLANG_ANALYZER_NONNULL = YES;
				CLANG_ANALYZER_NUMBER_OBJECT_CONVERSION = YES_AGGRESSIVE;
				CLANG_CXX_LANGUAGE_STANDARD = "gnu++0x";
				CLANG_CXX_LIBRARY = "libc++";
				CLANG_ENABLE_MODULES = YES;
				CLANG_ENABLE_OBJC_ARC = YES;
				CLANG_WARN_BOOL_CONVERSION = YES;
				CLANG_WARN_CONSTANT_CONVERSION = YES;
				CLANG_WARN_DIRECT_OBJC_ISA_USAGE = YES_ERROR;
				CLANG_WARN_DOCUMENTATION_COMMENTS = YES;
				CLANG_WARN_EMPTY_BODY = YES;
				CLANG_WARN_ENUM_CONVERSION = YES;
				CLANG_WARN_INFINITE_RECURSION = YES;
				CLANG_WARN_INT_CONVERSION = YES;
				CLANG_WARN_OBJC_ROOT_CLASS = YES_ERROR;
				CLANG_WARN_SUSPICIOUS_MOVE = YES;
				CLANG_WARN_UNREACHABLE_CODE = YES;
				CLANG_WARN__DUPLICATE_METHOD_MATCH = YES;
				"CODE_SIGN_IDENTITY[sdk=iphoneos*]" = "iPhone Developer";
				COPY_PHASE_STRIP = NO;
				DEBUG_INFORMATION_FORMAT = dwarf;
				ENABLE_STRICT_OBJC_MSGSEND = YES;
				ENABLE_TESTABILITY = YES;
				GCC_C_LANGUAGE_STANDARD = gnu99;
				GCC_DYNAMIC_NO_PIC = NO;
				GCC_NO_COMMON_BLOCKS = YES;
				GCC_OPTIMIZATION_LEVEL = 0;
				GCC_PREPROCESSOR_DEFINITIONS = (
					"DEBUG=1",
					"$(inherited)",
				);
				GCC_WARN_64_TO_32_BIT_CONVERSION = YES;
				GCC_WARN_ABOUT_RETURN_TYPE = YES_ERROR;
				GCC_WARN_UNDECLARED_SELECTOR = YES;
				GCC_WARN_UNINITIALIZED_AUTOS = YES_AGGRESSIVE;
				GCC_WARN_UNUSED_FUNCTION = YES;
				GCC_WARN_UNUSED_VARIABLE = YES;
				IPHONEOS_DEPLOYMENT_TARGET = 10.3;
				MTL_ENABLE_DEBUG_INFO = YES;
				ONLY_ACTIVE_ARCH = YES;
				SDKROOT = iphoneos;
				TARGETED_DEVICE_FAMILY = "1,2";
			};
			name = Debug;
		};
		1BE539621EDA94D7002C08B4 /* Release */ = {
			isa = XCBuildConfiguration;
			buildSettings = {
				ALWAYS_SEARCH_USER_PATHS = NO;
				CLANG_ANALYZER_NONNULL = YES;
				CLANG_ANALYZER_NUMBER_OBJECT_CONVERSION = YES_AGGRESSIVE;
				CLANG_CXX_LANGUAGE_STANDARD = "gnu++0x";
				CLANG_CXX_LIBRARY = "libc++";
				CLANG_ENABLE_MODULES = YES;
				CLANG_ENABLE_OBJC_ARC = YES;
				CLANG_WARN_BOOL_CONVERSION = YES;
				CLANG_WARN_CONSTANT_CONVERSION = YES;
				CLANG_WARN_DIRECT_OBJC_ISA_USAGE = YES_ERROR;
				CLANG_WARN_DOCUMENTATION_COMMENTS = YES;
				CLANG_WARN_EMPTY_BODY = YES;
				CLANG_WARN_ENUM_CONVERSION = YES;
				CLANG_WARN_INFINITE_RECURSION = YES;
				CLANG_WARN_INT_CONVERSION = YES;
				CLANG_WARN_OBJC_ROOT_CLASS = YES_ERROR;
				CLANG_WARN_SUSPICIOUS_MOVE = YES;
				CLANG_WARN_UNREACHABLE_CODE = YES;
				CLANG_WARN__DUPLICATE_METHOD_MATCH = YES;
				"CODE_SIGN_IDENTITY[sdk=iphoneos*]" = "iPhone Developer";
				COPY_PHASE_STRIP = NO;
				DEBUG_INFORMATION_FORMAT = "dwarf-with-dsym";
				ENABLE_NS_ASSERTIONS = NO;
				ENABLE_STRICT_OBJC_MSGSEND = YES;
				GCC_C_LANGUAGE_STANDARD = gnu99;
				GCC_NO_COMMON_BLOCKS = YES;
				GCC_WARN_64_TO_32_BIT_CONVERSION = YES;
				GCC_WARN_ABOUT_RETURN_TYPE = YES_ERROR;
				GCC_WARN_UNDECLARED_SELECTOR = YES;
				GCC_WARN_UNINITIALIZED_AUTOS = YES_AGGRESSIVE;
				GCC_WARN_UNUSED_FUNCTION = YES;
				GCC_WARN_UNUSED_VARIABLE = YES;
				IPHONEOS_DEPLOYMENT_TARGET = 10.3;
				MTL_ENABLE_DEBUG_INFO = NO;
				SDKROOT = iphoneos;
				TARGETED_DEVICE_FAMILY = "1,2";
				VALIDATE_PRODUCT = YES;
			};
			name = Release;
		};
		1BE539641EDA94D7002C08B4 /* Debug */ = {
			isa = XCBuildConfiguration;
			buildSettings = {
				ASSETCATALOG_COMPILER_APPICON_NAME = AppIcon;
				DEVELOPMENT_TEAM = 8M63B65N66;
				INFOPLIST_FILE = BrokenImage/Info.plist;
				LD_RUNPATH_SEARCH_PATHS = "$(inherited) @executable_path/Frameworks";
				PRODUCT_BUNDLE_IDENTIFIER = com.quangtqag.BrokenImage;
				PRODUCT_NAME = "$(TARGET_NAME)";
			};
			name = Debug;
		};
		1BE539651EDA94D7002C08B4 /* Release */ = {
			isa = XCBuildConfiguration;
			buildSettings = {
				ASSETCATALOG_COMPILER_APPICON_NAME = AppIcon;
				DEVELOPMENT_TEAM = 8M63B65N66;
				INFOPLIST_FILE = BrokenImage/Info.plist;
				LD_RUNPATH_SEARCH_PATHS = "$(inherited) @executable_path/Frameworks";
				PRODUCT_BUNDLE_IDENTIFIER = com.quangtqag.BrokenImage;
				PRODUCT_NAME = "$(TARGET_NAME)";
			};
			name = Release;
		};
/* End XCBuildConfiguration section */

/* Begin XCConfigurationList section */
		1BE539471EDA94D7002C08B4 /* Build configuration list for PBXProject "BrokenImage" */ = {
			isa = XCConfigurationList;
			buildConfigurations = (
				1BE539611EDA94D7002C08B4 /* Debug */,
				1BE539621EDA94D7002C08B4 /* Release */,
			);
			defaultConfigurationIsVisible = 0;
			defaultConfigurationName = Release;
		};
		1BE539631EDA94D7002C08B4 /* Build configuration list for PBXNativeTarget "BrokenImage" */ = {
			isa = XCConfigurationList;
			buildConfigurations = (
				1BE539641EDA94D7002C08B4 /* Debug */,
				1BE539651EDA94D7002C08B4 /* Release */,
			);
			defaultConfigurationIsVisible = 0;
		};
/* End XCConfigurationList section */
	};
	rootObject = 1BE539441EDA94D7002C08B4 /* Project object */;
}
