// !$*UTF8*$!
{
	archiveVersion = 1;
	classes = {
	};
	objectVersion = 46;
	objects = {

/* Begin PBXBuildFile section */
		108C9FB9E3EBA0319FF4B91B /* Pods_GetLaidOutCellHeightManual.framework in Frameworks */ = {isa = PBXBuildFile; fileRef = BEA1873C2768EDCBE67AC3B2 /* Pods_GetLaidOutCellHeightManual.framework */; };
		D9FD003B1DB45F64006EF001 /* AppDelegate.swift in Sources */ = {isa = PBXBuildFile; fileRef = D9FD003A1DB45F64006EF001 /* AppDelegate.swift */; };
		D9FD003D1DB45F64006EF001 /* ViewController.swift in Sources */ = {isa = PBXBuildFile; fileRef = D9FD003C1DB45F64006EF001 /* ViewController.swift */; };
		D9FD00401DB45F64006EF001 /* Main.storyboard in Resources */ = {isa = PBXBuildFile; fileRef = D9FD003E1DB45F64006EF001 /* Main.storyboard */; };
		D9FD00421DB45F64006EF001 /* Assets.xcassets in Resources */ = {isa = PBXBuildFile; fileRef = D9FD00411DB45F64006EF001 /* Assets.xcassets */; };
		D9FD00451DB45F64006EF001 /* LaunchScreen.storyboard in Resources */ = {isa = PBXBuildFile; fileRef = D9FD00431DB45F64006EF001 /* LaunchScreen.storyboard */; };
/* End PBXBuildFile section */

/* Begin PBXFileReference section */
		14424477F6DB2FC1DF138D4D /* Pods-GetLaidOutCellHeightManual.release.xcconfig */ = {isa = PBXFileReference; includeInIndex = 1; lastKnownFileType = text.xcconfig; name = "Pods-GetLaidOutCellHeightManual.release.xcconfig"; path = "Pods/Target Support Files/Pods-GetLaidOutCellHeightManual/Pods-GetLaidOutCellHeightManual.release.xcconfig"; sourceTree = "<group>"; };
		1B571AD6BF05ADD81C7A769D /* Pods-GetLaidOutCellHeight.release.xcconfig */ = {isa = PBXFileReference; includeInIndex = 1; lastKnownFileType = text.xcconfig; name = "Pods-GetLaidOutCellHeight.release.xcconfig"; path = "Pods/Target Support Files/Pods-GetLaidOutCellHeight/Pods-GetLaidOutCellHeight.release.xcconfig"; sourceTree = "<group>"; };
		94A6C8A4213760EA6F89CA28 /* Pods_GetLaidOutCellHeight.framework */ = {isa = PBXFileReference; explicitFileType = wrapper.framework; includeInIndex = 0; path = Pods_GetLaidOutCellHeight.framework; sourceTree = BUILT_PRODUCTS_DIR; };
		BEA1873C2768EDCBE67AC3B2 /* Pods_GetLaidOutCellHeightManual.framework */ = {isa = PBXFileReference; explicitFileType = wrapper.framework; includeInIndex = 0; path = Pods_GetLaidOutCellHeightManual.framework; sourceTree = BUILT_PRODUCTS_DIR; };
		C96CFCEDC86ECF42EBE9C832 /* Pods-GetLaidOutCellHeightManual.debug.xcconfig */ = {isa = PBXFileReference; includeInIndex = 1; lastKnownFileType = text.xcconfig; name = "Pods-GetLaidOutCellHeightManual.debug.xcconfig"; path = "Pods/Target Support Files/Pods-GetLaidOutCellHeightManual/Pods-GetLaidOutCellHeightManual.debug.xcconfig"; sourceTree = "<group>"; };
		D9FD00371DB45F64006EF001 /* GetLaidOutCellHeightManual.app */ = {isa = PBXFileReference; explicitFileType = wrapper.application; includeInIndex = 0; path = GetLaidOutCellHeightManual.app; sourceTree = BUILT_PRODUCTS_DIR; };
		D9FD003A1DB45F64006EF001 /* AppDelegate.swift */ = {isa = PBXFileReference; lastKnownFileType = sourcecode.swift; path = AppDelegate.swift; sourceTree = "<group>"; };
		D9FD003C1DB45F64006EF001 /* ViewController.swift */ = {isa = PBXFileReference; lastKnownFileType = sourcecode.swift; path = ViewController.swift; sourceTree = "<group>"; };
		D9FD003F1DB45F64006EF001 /* Base */ = {isa = PBXFileReference; lastKnownFileType = file.storyboard; name = Base; path = Base.lproj/Main.storyboard; sourceTree = "<group>"; };
		D9FD00411DB45F64006EF001 /* Assets.xcassets */ = {isa = PBXFileReference; lastKnownFileType = folder.assetcatalog; path = Assets.xcassets; sourceTree = "<group>"; };
		D9FD00441DB45F64006EF001 /* Base */ = {isa = PBXFileReference; lastKnownFileType = file.storyboard; name = Base; path = Base.lproj/LaunchScreen.storyboard; sourceTree = "<group>"; };
		D9FD00461DB45F64006EF001 /* Info.plist */ = {isa = PBXFileReference; lastKnownFileType = text.plist.xml; path = Info.plist; sourceTree = "<group>"; };
		DDADED21E260507B33615A61 /* Pods-GetLaidOutCellHeight.debug.xcconfig */ = {isa = PBXFileReference; includeInIndex = 1; lastKnownFileType = text.xcconfig; name = "Pods-GetLaidOutCellHeight.debug.xcconfig"; path = "Pods/Target Support Files/Pods-GetLaidOutCellHeight/Pods-GetLaidOutCellHeight.debug.xcconfig"; sourceTree = "<group>"; };
/* End PBXFileReference section */

/* Begin PBXFrameworksBuildPhase section */
		D9FD00341DB45F64006EF001 /* Frameworks */ = {
			isa = PBXFrameworksBuildPhase;
			buildActionMask = 2147483647;
			files = (
				108C9FB9E3EBA0319FF4B91B /* Pods_GetLaidOutCellHeightManual.framework in Frameworks */,
			);
			runOnlyForDeploymentPostprocessing = 0;
		};
/* End PBXFrameworksBuildPhase section */

/* Begin PBXGroup section */
		305D3E7AD9DD0149585F38CC /* Pods */ = {
			isa = PBXGroup;
			children = (
				DDADED21E260507B33615A61 /* Pods-GetLaidOutCellHeight.debug.xcconfig */,
				1B571AD6BF05ADD81C7A769D /* Pods-GetLaidOutCellHeight.release.xcconfig */,
				C96CFCEDC86ECF42EBE9C832 /* Pods-GetLaidOutCellHeightManual.debug.xcconfig */,
				14424477F6DB2FC1DF138D4D /* Pods-GetLaidOutCellHeightManual.release.xcconfig */,
			);
			name = Pods;
			sourceTree = "<group>";
		};
		31336FB57AB35AEE4907AD09 /* Frameworks */ = {
			isa = PBXGroup;
			children = (
				94A6C8A4213760EA6F89CA28 /* Pods_GetLaidOutCellHeight.framework */,
				BEA1873C2768EDCBE67AC3B2 /* Pods_GetLaidOutCellHeightManual.framework */,
			);
			name = Frameworks;
			sourceTree = "<group>";
		};
		D9FD002E1DB45F64006EF001 = {
			isa = PBXGroup;
			children = (
				D9FD00391DB45F64006EF001 /* GetLaidOutCellHeightManual */,
				D9FD00381DB45F64006EF001 /* Products */,
				305D3E7AD9DD0149585F38CC /* Pods */,
				31336FB57AB35AEE4907AD09 /* Frameworks */,
			);
			sourceTree = "<group>";
		};
		D9FD00381DB45F64006EF001 /* Products */ = {
			isa = PBXGroup;
			children = (
				D9FD00371DB45F64006EF001 /* GetLaidOutCellHeightManual.app */,
			);
			name = Products;
			sourceTree = "<group>";
		};
		D9FD00391DB45F64006EF001 /* GetLaidOutCellHeightManual */ = {
			isa = PBXGroup;
			children = (
				D9FD003A1DB45F64006EF001 /* AppDelegate.swift */,
				D9FD003C1DB45F64006EF001 /* ViewController.swift */,
				D9FD003E1DB45F64006EF001 /* Main.storyboard */,
				D9FD00411DB45F64006EF001 /* Assets.xcassets */,
				D9FD00431DB45F64006EF001 /* LaunchScreen.storyboard */,
				D9FD00461DB45F64006EF001 /* Info.plist */,
			);
			path = GetLaidOutCellHeightManual;
			sourceTree = "<group>";
		};
/* End PBXGroup section */

/* Begin PBXNativeTarget section */
		D9FD00361DB45F64006EF001 /* GetLaidOutCellHeightManual */ = {
			isa = PBXNativeTarget;
			buildConfigurationList = D9FD00491DB45F64006EF001 /* Build configuration list for PBXNativeTarget "GetLaidOutCellHeightManual" */;
			buildPhases = (
				84FFFA77D6B502C360AFEE17 /* [CP] Check Pods Manifest.lock */,
				D9FD00331DB45F64006EF001 /* Sources */,
				D9FD00341DB45F64006EF001 /* Frameworks */,
				D9FD00351DB45F64006EF001 /* Resources */,
				8A645175D94F375DFBA44DF0 /* [CP] Embed Pods Frameworks */,
				9D3F4C19E4ADCDC98B43EF77 /* [CP] Copy Pods Resources */,
			);
			buildRules = (
			);
			dependencies = (
			);
			name = GetLaidOutCellHeightManual;
			productName = GetLaidOutCellHeight;
			productReference = D9FD00371DB45F64006EF001 /* GetLaidOutCellHeightManual.app */;
			productType = "com.apple.product-type.application";
		};
/* End PBXNativeTarget section */

/* Begin PBXProject section */
		D9FD002F1DB45F64006EF001 /* Project object */ = {
			isa = PBXProject;
			attributes = {
				LastSwiftUpdateCheck = 0730;
				LastUpgradeCheck = 0730;
				ORGANIZATIONNAME = "ABC Virtual Communications";
				TargetAttributes = {
					D9FD00361DB45F64006EF001 = {
						CreatedOnToolsVersion = 7.3.1;
						DevelopmentTeam = KWEZMLB8L2;
						LastSwiftMigration = 0800;
					};
				};
			};
			buildConfigurationList = D9FD00321DB45F64006EF001 /* Build configuration list for PBXProject "GetLaidOutCellHeightManual" */;
			compatibilityVersion = "Xcode 3.2";
			developmentRegion = English;
			hasScannedForEncodings = 0;
			knownRegions = (
				en,
				Base,
			);
			mainGroup = D9FD002E1DB45F64006EF001;
			productRefGroup = D9FD00381DB45F64006EF001 /* Products */;
			projectDirPath = "";
			projectRoot = "";
			targets = (
				D9FD00361DB45F64006EF001 /* GetLaidOutCellHeightManual */,
			);
		};
/* End PBXProject section */

/* Begin PBXResourcesBuildPhase section */
		D9FD00351DB45F64006EF001 /* Resources */ = {
			isa = PBXResourcesBuildPhase;
			buildActionMask = 2147483647;
			files = (
				D9FD00451DB45F64006EF001 /* LaunchScreen.storyboard in Resources */,
				D9FD00421DB45F64006EF001 /* Assets.xcassets in Resources */,
				D9FD00401DB45F64006EF001 /* Main.storyboard in Resources */,
			);
			runOnlyForDeploymentPostprocessing = 0;
		};
/* End PBXResourcesBuildPhase section */

/* Begin PBXShellScriptBuildPhase section */
		84FFFA77D6B502C360AFEE17 /* [CP] Check Pods Manifest.lock */ = {
			isa = PBXShellScriptBuildPhase;
			buildActionMask = 2147483647;
			files = (
			);
			inputPaths = (
			);
			name = "[CP] Check Pods Manifest.lock";
			outputPaths = (
			);
			runOnlyForDeploymentPostprocessing = 0;
			shellPath = /bin/sh;
			shellScript = "diff \"${PODS_ROOT}/../Podfile.lock\" \"${PODS_ROOT}/Manifest.lock\" > /dev/null\nif [ $? != 0 ] ; then\n    # print error to STDERR\n    echo \"error: The sandbox is not in sync with the Podfile.lock. Run 'pod install' or update your CocoaPods installation.\" >&2\n    exit 1\nfi\n";
			showEnvVarsInLog = 0;
		};
		8A645175D94F375DFBA44DF0 /* [CP] Embed Pods Frameworks */ = {
			isa = PBXShellScriptBuildPhase;
			buildActionMask = 2147483647;
			files = (
			);
			inputPaths = (
			);
			name = "[CP] Embed Pods Frameworks";
			outputPaths = (
			);
			runOnlyForDeploymentPostprocessing = 0;
			shellPath = /bin/sh;
			shellScript = "\"${SRCROOT}/Pods/Target Support Files/Pods-GetLaidOutCellHeightManual/Pods-GetLaidOutCellHeightManual-frameworks.sh\"\n";
			showEnvVarsInLog = 0;
		};
		9D3F4C19E4ADCDC98B43EF77 /* [CP] Copy Pods Resources */ = {
			isa = PBXShellScriptBuildPhase;
			buildActionMask = 2147483647;
			files = (
			);
			inputPaths = (
			);
			name = "[CP] Copy Pods Resources";
			outputPaths = (
			);
			runOnlyForDeploymentPostprocessing = 0;
			shellPath = /bin/sh;
			shellScript = "\"${SRCROOT}/Pods/Target Support Files/Pods-GetLaidOutCellHeightManual/Pods-GetLaidOutCellHeightManual-resources.sh\"\n";
			showEnvVarsInLog = 0;
		};
/* End PBXShellScriptBuildPhase section */

/* Begin PBXSourcesBuildPhase section */
		D9FD00331DB45F64006EF001 /* Sources */ = {
			isa = PBXSourcesBuildPhase;
			buildActionMask = 2147483647;
			files = (
				D9FD003D1DB45F64006EF001 /* ViewController.swift in Sources */,
				D9FD003B1DB45F64006EF001 /* AppDelegate.swift in Sources */,
			);
			runOnlyForDeploymentPostprocessing = 0;
		};
/* End PBXSourcesBuildPhase section */

/* Begin PBXVariantGroup section */
		D9FD003E1DB45F64006EF001 /* Main.storyboard */ = {
			isa = PBXVariantGroup;
			children = (
				D9FD003F1DB45F64006EF001 /* Base */,
			);
			name = Main.storyboard;
			sourceTree = "<group>";
		};
		D9FD00431DB45F64006EF001 /* LaunchScreen.storyboard */ = {
			isa = PBXVariantGroup;
			children = (
				D9FD00441DB45F64006EF001 /* Base */,
			);
			name = LaunchScreen.storyboard;
			sourceTree = "<group>";
		};
/* End PBXVariantGroup section */

/* Begin XCBuildConfiguration section */
		D9FD00471DB45F64006EF001 /* Debug */ = {
			isa = XCBuildConfiguration;
			buildSettings = {
				ALWAYS_SEARCH_USER_PATHS = NO;
				CLANG_ANALYZER_NONNULL = YES;
				CLANG_CXX_LANGUAGE_STANDARD = "gnu++0x";
				CLANG_CXX_LIBRARY = "libc++";
				CLANG_ENABLE_MODULES = YES;
				CLANG_ENABLE_OBJC_ARC = YES;
				CLANG_WARN_BOOL_CONVERSION = YES;
				CLANG_WARN_CONSTANT_CONVERSION = YES;
				CLANG_WARN_DIRECT_OBJC_ISA_USAGE = YES_ERROR;
				CLANG_WARN_EMPTY_BODY = YES;
				CLANG_WARN_ENUM_CONVERSION = YES;
				CLANG_WARN_INT_CONVERSION = YES;
				CLANG_WARN_OBJC_ROOT_CLASS = YES_ERROR;
				CLANG_WARN_UNREACHABLE_CODE = YES;
				CLANG_WARN__DUPLICATE_METHOD_MATCH = YES;
				"CODE_SIGN_IDENTITY[sdk=iphoneos*]" = "iPhone Developer";
				COPY_PHASE_STRIP = NO;
				DEBUG_INFORMATION_FORMAT = dwarf;
				ENABLE_STRICT_OBJC_MSGSEND = YES;
				ENABLE_TESTABILITY = YES;
				GCC_C_LANGUAGE_STANDARD = gnu99;
				GCC_DYNAMIC_NO_PIC = NO;
				GCC_NO_COMMON_BLOCKS = YES;
				GCC_OPTIMIZATION_LEVEL = 0;
				GCC_PREPROCESSOR_DEFINITIONS = (
					"DEBUG=1",
					"$(inherited)",
				);
				GCC_WARN_64_TO_32_BIT_CONVERSION = YES;
				GCC_WARN_ABOUT_RETURN_TYPE = YES_ERROR;
				GCC_WARN_UNDECLARED_SELECTOR = YES;
				GCC_WARN_UNINITIALIZED_AUTOS = YES_AGGRESSIVE;
				GCC_WARN_UNUSED_FUNCTION = YES;
				GCC_WARN_UNUSED_VARIABLE = YES;
				IPHONEOS_DEPLOYMENT_TARGET = 9.3;
				MTL_ENABLE_DEBUG_INFO = YES;
				ONLY_ACTIVE_ARCH = YES;
				SDKROOT = iphoneos;
				SWIFT_OPTIMIZATION_LEVEL = "-Onone";
				TARGETED_DEVICE_FAMILY = "1,2";
			};
			name = Debug;
		};
		D9FD00481DB45F64006EF001 /* Release */ = {
			isa = XCBuildConfiguration;
			buildSettings = {
				ALWAYS_SEARCH_USER_PATHS = NO;
				CLANG_ANALYZER_NONNULL = YES;
				CLANG_CXX_LANGUAGE_STANDARD = "gnu++0x";
				CLANG_CXX_LIBRARY = "libc++";
				CLANG_ENABLE_MODULES = YES;
				CLANG_ENABLE_OBJC_ARC = YES;
				CLANG_WARN_BOOL_CONVERSION = YES;
				CLANG_WARN_CONSTANT_CONVERSION = YES;
				CLANG_WARN_DIRECT_OBJC_ISA_USAGE = YES_ERROR;
				CLANG_WARN_EMPTY_BODY = YES;
				CLANG_WARN_ENUM_CONVERSION = YES;
				CLANG_WARN_INT_CONVERSION = YES;
				CLANG_WARN_OBJC_ROOT_CLASS = YES_ERROR;
				CLANG_WARN_UNREACHABLE_CODE = YES;
				CLANG_WARN__DUPLICATE_METHOD_MATCH = YES;
				"CODE_SIGN_IDENTITY[sdk=iphoneos*]" = "iPhone Developer";
				COPY_PHASE_STRIP = NO;
				DEBUG_INFORMATION_FORMAT = "dwarf-with-dsym";
				ENABLE_NS_ASSERTIONS = NO;
				ENABLE_STRICT_OBJC_MSGSEND = YES;
				GCC_C_LANGUAGE_STANDARD = gnu99;
				GCC_NO_COMMON_BLOCKS = YES;
				GCC_WARN_64_TO_32_BIT_CONVERSION = YES;
				GCC_WARN_ABOUT_RETURN_TYPE = YES_ERROR;
				GCC_WARN_UNDECLARED_SELECTOR = YES;
				GCC_WARN_UNINITIALIZED_AUTOS = YES_AGGRESSIVE;
				GCC_WARN_UNUSED_FUNCTION = YES;
				GCC_WARN_UNUSED_VARIABLE = YES;
				IPHONEOS_DEPLOYMENT_TARGET = 9.3;
				MTL_ENABLE_DEBUG_INFO = NO;
				SDKROOT = iphoneos;
				TARGETED_DEVICE_FAMILY = "1,2";
				VALIDATE_PRODUCT = YES;
			};
			name = Release;
		};
		D9FD004A1DB45F64006EF001 /* Debug */ = {
			isa = XCBuildConfiguration;
			baseConfigurationReference = C96CFCEDC86ECF42EBE9C832 /* Pods-GetLaidOutCellHeightManual.debug.xcconfig */;
			buildSettings = {
				ASSETCATALOG_COMPILER_APPICON_NAME = AppIcon;
				DEVELOPMENT_TEAM = KWEZMLB8L2;
				INFOPLIST_FILE = "$(SRCROOT)/GetLaidOutCellHeightManual/Info.plist";
				LD_RUNPATH_SEARCH_PATHS = "$(inherited) @executable_path/Frameworks";
				PRODUCT_BUNDLE_IDENTIFIER = com.abcv.GetLaidOutCellHeightManual;
				PRODUCT_NAME = GetLaidOutCellHeightManual;
				SWIFT_VERSION = 3.0;
				TARGETED_DEVICE_FAMILY = "1,2";
			};
			name = Debug;
		};
		D9FD004B1DB45F64006EF001 /* Release */ = {
			isa = XCBuildConfiguration;
			baseConfigurationReference = 14424477F6DB2FC1DF138D4D /* Pods-GetLaidOutCellHeightManual.release.xcconfig */;
			buildSettings = {
				ASSETCATALOG_COMPILER_APPICON_NAME = AppIcon;
				DEVELOPMENT_TEAM = KWEZMLB8L2;
				INFOPLIST_FILE = "$(SRCROOT)/GetLaidOutCellHeightManual/Info.plist";
				LD_RUNPATH_SEARCH_PATHS = "$(inherited) @executable_path/Frameworks";
				PRODUCT_BUNDLE_IDENTIFIER = com.abcv.GetLaidOutCellHeightManual;
				PRODUCT_NAME = GetLaidOutCellHeightManual;
				SWIFT_VERSION = 3.0;
				TARGETED_DEVICE_FAMILY = "1,2";
			};
			name = Release;
		};
/* End XCBuildConfiguration section */

/* Begin XCConfigurationList section */
		D9FD00321DB45F64006EF001 /* Build configuration list for PBXProject "GetLaidOutCellHeightManual" */ = {
			isa = XCConfigurationList;
			buildConfigurations = (
				D9FD00471DB45F64006EF001 /* Debug */,
				D9FD00481DB45F64006EF001 /* Release */,
			);
			defaultConfigurationIsVisible = 0;
			defaultConfigurationName = Release;
		};
		D9FD00491DB45F64006EF001 /* Build configuration list for PBXNativeTarget "GetLaidOutCellHeightManual" */ = {
			isa = XCConfigurationList;
			buildConfigurations = (
				D9FD004A1DB45F64006EF001 /* Debug */,
				D9FD004B1DB45F64006EF001 /* Release */,
			);
			defaultConfigurationIsVisible = 0;
			defaultConfigurationName = Release;
		};
/* End XCConfigurationList section */
	};
	rootObject = D9FD002F1DB45F64006EF001 /* Project object */;
}
