// !$*UTF8*$!
{
	archiveVersion = 1;
	classes = {
	};
	objectVersion = 46;
	objects = {

/* Begin PBXBuildFile section */
		1B1910EC1E986DD8007021C1 /* ImageFiltration.m in Sources */ = {isa = PBXBuildFile; fileRef = 1B1910EB1E986DD8007021C1 /* ImageFiltration.m */; };
		1B1910EF1E986E2D007021C1 /* PhotoRecord.m in Sources */ = {isa = PBXBuildFile; fileRef = 1B1910EE1E986E2D007021C1 /* PhotoRecord.m */; };
		1BF29DFC1E94687900209E10 /* templates in Resources */ = {isa = PBXBuildFile; fileRef = 1BF29DFB1E94687900209E10 /* templates */; };
		D9E8FA1A1E939CC0009A70A0 /* main.m in Sources */ = {isa = PBXBuildFile; fileRef = D9E8FA191E939CC0009A70A0 /* main.m */; };
		D9E8FA1D1E939CC0009A70A0 /* AppDelegate.m in Sources */ = {isa = PBXBuildFile; fileRef = D9E8FA1C1E939CC0009A70A0 /* AppDelegate.m */; };
		D9E8FA201E939CC0009A70A0 /* ViewController.m in Sources */ = {isa = PBXBuildFile; fileRef = D9E8FA1F1E939CC0009A70A0 /* ViewController.m */; };
		D9E8FA231E939CC0009A70A0 /* Main.storyboard in Resources */ = {isa = PBXBuildFile; fileRef = D9E8FA211E939CC0009A70A0 /* Main.storyboard */; };
		D9E8FA251E939CC0009A70A0 /* Assets.xcassets in Resources */ = {isa = PBXBuildFile; fileRef = D9E8FA241E939CC0009A70A0 /* Assets.xcassets */; };
		D9E8FA281E939CC0009A70A0 /* LaunchScreen.storyboard in Resources */ = {isa = PBXBuildFile; fileRef = D9E8FA261E939CC0009A70A0 /* LaunchScreen.storyboard */; };
		D9E8FA311E93A88C009A70A0 /* BlendModeCell.m in Sources */ = {isa = PBXBuildFile; fileRef = D9E8FA301E93A88C009A70A0 /* BlendModeCell.m */; };
		D9E8FA341E93B191009A70A0 /* TemplateCell.m in Sources */ = {isa = PBXBuildFile; fileRef = D9E8FA331E93B191009A70A0 /* TemplateCell.m */; };
/* End PBXBuildFile section */

/* Begin PBXFileReference section */
		1B1910EA1E986DD8007021C1 /* ImageFiltration.h */ = {isa = PBXFileReference; fileEncoding = 4; lastKnownFileType = sourcecode.c.h; path = ImageFiltration.h; sourceTree = "<group>"; };
		1B1910EB1E986DD8007021C1 /* ImageFiltration.m */ = {isa = PBXFileReference; fileEncoding = 4; lastKnownFileType = sourcecode.c.objc; path = ImageFiltration.m; sourceTree = "<group>"; };
		1B1910ED1E986E2D007021C1 /* PhotoRecord.h */ = {isa = PBXFileReference; fileEncoding = 4; lastKnownFileType = sourcecode.c.h; path = PhotoRecord.h; sourceTree = "<group>"; };
		1B1910EE1E986E2D007021C1 /* PhotoRecord.m */ = {isa = PBXFileReference; fileEncoding = 4; lastKnownFileType = sourcecode.c.objc; path = PhotoRecord.m; sourceTree = "<group>"; };
		1BF29DFB1E94687900209E10 /* templates */ = {isa = PBXFileReference; lastKnownFileType = folder; path = templates; sourceTree = "<group>"; };
		D9E8FA151E939CC0009A70A0 /* Blend Modes.app */ = {isa = PBXFileReference; explicitFileType = wrapper.application; includeInIndex = 0; path = "Blend Modes.app"; sourceTree = BUILT_PRODUCTS_DIR; };
		D9E8FA191E939CC0009A70A0 /* main.m */ = {isa = PBXFileReference; lastKnownFileType = sourcecode.c.objc; path = main.m; sourceTree = "<group>"; };
		D9E8FA1B1E939CC0009A70A0 /* AppDelegate.h */ = {isa = PBXFileReference; lastKnownFileType = sourcecode.c.h; path = AppDelegate.h; sourceTree = "<group>"; };
		D9E8FA1C1E939CC0009A70A0 /* AppDelegate.m */ = {isa = PBXFileReference; lastKnownFileType = sourcecode.c.objc; path = AppDelegate.m; sourceTree = "<group>"; };
		D9E8FA1E1E939CC0009A70A0 /* ViewController.h */ = {isa = PBXFileReference; lastKnownFileType = sourcecode.c.h; path = ViewController.h; sourceTree = "<group>"; };
		D9E8FA1F1E939CC0009A70A0 /* ViewController.m */ = {isa = PBXFileReference; lastKnownFileType = sourcecode.c.objc; path = ViewController.m; sourceTree = "<group>"; };
		D9E8FA221E939CC0009A70A0 /* Base */ = {isa = PBXFileReference; lastKnownFileType = file.storyboard; name = Base; path = Base.lproj/Main.storyboard; sourceTree = "<group>"; };
		D9E8FA241E939CC0009A70A0 /* Assets.xcassets */ = {isa = PBXFileReference; lastKnownFileType = folder.assetcatalog; path = Assets.xcassets; sourceTree = "<group>"; };
		D9E8FA271E939CC0009A70A0 /* Base */ = {isa = PBXFileReference; lastKnownFileType = file.storyboard; name = Base; path = Base.lproj/LaunchScreen.storyboard; sourceTree = "<group>"; };
		D9E8FA291E939CC0009A70A0 /* Info.plist */ = {isa = PBXFileReference; lastKnownFileType = text.plist.xml; path = Info.plist; sourceTree = "<group>"; };
		D9E8FA2F1E93A88C009A70A0 /* BlendModeCell.h */ = {isa = PBXFileReference; fileEncoding = 4; lastKnownFileType = sourcecode.c.h; path = BlendModeCell.h; sourceTree = "<group>"; };
		D9E8FA301E93A88C009A70A0 /* BlendModeCell.m */ = {isa = PBXFileReference; fileEncoding = 4; lastKnownFileType = sourcecode.c.objc; path = BlendModeCell.m; sourceTree = "<group>"; };
		D9E8FA321E93B191009A70A0 /* TemplateCell.h */ = {isa = PBXFileReference; fileEncoding = 4; lastKnownFileType = sourcecode.c.h; path = TemplateCell.h; sourceTree = "<group>"; };
		D9E8FA331E93B191009A70A0 /* TemplateCell.m */ = {isa = PBXFileReference; fileEncoding = 4; lastKnownFileType = sourcecode.c.objc; path = TemplateCell.m; sourceTree = "<group>"; };
/* End PBXFileReference section */

/* Begin PBXFrameworksBuildPhase section */
		D9E8FA121E939CC0009A70A0 /* Frameworks */ = {
			isa = PBXFrameworksBuildPhase;
			buildActionMask = 2147483647;
			files = (
			);
			runOnlyForDeploymentPostprocessing = 0;
		};
/* End PBXFrameworksBuildPhase section */

/* Begin PBXGroup section */
		D9E8FA0C1E939CC0009A70A0 = {
			isa = PBXGroup;
			children = (
				D9E8FA171E939CC0009A70A0 /* BlendModes */,
				D9E8FA161E939CC0009A70A0 /* Products */,
			);
			sourceTree = "<group>";
		};
		D9E8FA161E939CC0009A70A0 /* Products */ = {
			isa = PBXGroup;
			children = (
				D9E8FA151E939CC0009A70A0 /* Blend Modes.app */,
			);
			name = Products;
			sourceTree = "<group>";
		};
		D9E8FA171E939CC0009A70A0 /* BlendModes */ = {
			isa = PBXGroup;
			children = (
				D9E8FA1B1E939CC0009A70A0 /* AppDelegate.h */,
				D9E8FA1C1E939CC0009A70A0 /* AppDelegate.m */,
				D9E8FA1E1E939CC0009A70A0 /* ViewController.h */,
				D9E8FA1F1E939CC0009A70A0 /* ViewController.m */,
				D9E8FA211E939CC0009A70A0 /* Main.storyboard */,
				D9E8FA2F1E93A88C009A70A0 /* BlendModeCell.h */,
				D9E8FA301E93A88C009A70A0 /* BlendModeCell.m */,
				D9E8FA321E93B191009A70A0 /* TemplateCell.h */,
				D9E8FA331E93B191009A70A0 /* TemplateCell.m */,
				1B1910EA1E986DD8007021C1 /* ImageFiltration.h */,
				1B1910EB1E986DD8007021C1 /* ImageFiltration.m */,
				1B1910ED1E986E2D007021C1 /* PhotoRecord.h */,
				1B1910EE1E986E2D007021C1 /* PhotoRecord.m */,
				D9E8FA241E939CC0009A70A0 /* Assets.xcassets */,
				1BF29DFB1E94687900209E10 /* templates */,
				D9E8FA261E939CC0009A70A0 /* LaunchScreen.storyboard */,
				D9E8FA291E939CC0009A70A0 /* Info.plist */,
				D9E8FA181E939CC0009A70A0 /* Supporting Files */,
			);
			path = BlendModes;
			sourceTree = "<group>";
		};
		D9E8FA181E939CC0009A70A0 /* Supporting Files */ = {
			isa = PBXGroup;
			children = (
				D9E8FA191E939CC0009A70A0 /* main.m */,
			);
			name = "Supporting Files";
			sourceTree = "<group>";
		};
/* End PBXGroup section */

/* Begin PBXNativeTarget section */
		D9E8FA141E939CC0009A70A0 /* Blend Modes */ = {
			isa = PBXNativeTarget;
			buildConfigurationList = D9E8FA2C1E939CC1009A70A0 /* Build configuration list for PBXNativeTarget "Blend Modes" */;
			buildPhases = (
				D9E8FA111E939CC0009A70A0 /* Sources */,
				D9E8FA121E939CC0009A70A0 /* Frameworks */,
				D9E8FA131E939CC0009A70A0 /* Resources */,
			);
			buildRules = (
			);
			dependencies = (
			);
			name = "Blend Modes";
			productName = BlendModes;
			productReference = D9E8FA151E939CC0009A70A0 /* Blend Modes.app */;
			productType = "com.apple.product-type.application";
		};
/* End PBXNativeTarget section */

/* Begin PBXProject section */
		D9E8FA0D1E939CC0009A70A0 /* Project object */ = {
			isa = PBXProject;
			attributes = {
				LastUpgradeCheck = 0830;
				ORGANIZATIONNAME = "Quang Tran";
				TargetAttributes = {
					D9E8FA141E939CC0009A70A0 = {
						CreatedOnToolsVersion = 8.3;
						DevelopmentTeam = 8M63B65N66;
						ProvisioningStyle = Automatic;
					};
				};
			};
			buildConfigurationList = D9E8FA101E939CC0009A70A0 /* Build configuration list for PBXProject "BlendModes" */;
			compatibilityVersion = "Xcode 3.2";
			developmentRegion = English;
			hasScannedForEncodings = 0;
			knownRegions = (
				en,
				Base,
			);
			mainGroup = D9E8FA0C1E939CC0009A70A0;
			productRefGroup = D9E8FA161E939CC0009A70A0 /* Products */;
			projectDirPath = "";
			projectRoot = "";
			targets = (
				D9E8FA141E939CC0009A70A0 /* Blend Modes */,
			);
		};
/* End PBXProject section */

/* Begin PBXResourcesBuildPhase section */
		D9E8FA131E939CC0009A70A0 /* Resources */ = {
			isa = PBXResourcesBuildPhase;
			buildActionMask = 2147483647;
			files = (
				1BF29DFC1E94687900209E10 /* templates in Resources */,
				D9E8FA281E939CC0009A70A0 /* LaunchScreen.storyboard in Resources */,
				D9E8FA251E939CC0009A70A0 /* Assets.xcassets in Resources */,
				D9E8FA231E939CC0009A70A0 /* Main.storyboard in Resources */,
			);
			runOnlyForDeploymentPostprocessing = 0;
		};
/* End PBXResourcesBuildPhase section */

/* Begin PBXSourcesBuildPhase section */
		D9E8FA111E939CC0009A70A0 /* Sources */ = {
			isa = PBXSourcesBuildPhase;
			buildActionMask = 2147483647;
			files = (
				D9E8FA341E93B191009A70A0 /* TemplateCell.m in Sources */,
				D9E8FA311E93A88C009A70A0 /* BlendModeCell.m in Sources */,
				D9E8FA201E939CC0009A70A0 /* ViewController.m in Sources */,
				1B1910EF1E986E2D007021C1 /* PhotoRecord.m in Sources */,
				1B1910EC1E986DD8007021C1 /* ImageFiltration.m in Sources */,
				D9E8FA1D1E939CC0009A70A0 /* AppDelegate.m in Sources */,
				D9E8FA1A1E939CC0009A70A0 /* main.m in Sources */,
			);
			runOnlyForDeploymentPostprocessing = 0;
		};
/* End PBXSourcesBuildPhase section */

/* Begin PBXVariantGroup section */
		D9E8FA211E939CC0009A70A0 /* Main.storyboard */ = {
			isa = PBXVariantGroup;
			children = (
				D9E8FA221E939CC0009A70A0 /* Base */,
			);
			name = Main.storyboard;
			sourceTree = "<group>";
		};
		D9E8FA261E939CC0009A70A0 /* LaunchScreen.storyboard */ = {
			isa = PBXVariantGroup;
			children = (
				D9E8FA271E939CC0009A70A0 /* Base */,
			);
			name = LaunchScreen.storyboard;
			sourceTree = "<group>";
		};
/* End PBXVariantGroup section */

/* Begin XCBuildConfiguration section */
		D9E8FA2A1E939CC1009A70A0 /* Debug */ = {
			isa = XCBuildConfiguration;
			buildSettings = {
				ALWAYS_SEARCH_USER_PATHS = NO;
				CLANG_ANALYZER_NONNULL = YES;
				CLANG_ANALYZER_NUMBER_OBJECT_CONVERSION = YES_AGGRESSIVE;
				CLANG_CXX_LANGUAGE_STANDARD = "gnu++0x";
				CLANG_CXX_LIBRARY = "libc++";
				CLANG_ENABLE_MODULES = YES;
				CLANG_ENABLE_OBJC_ARC = YES;
				CLANG_WARN_BOOL_CONVERSION = YES;
				CLANG_WARN_CONSTANT_CONVERSION = YES;
				CLANG_WARN_DIRECT_OBJC_ISA_USAGE = YES_ERROR;
				CLANG_WARN_DOCUMENTATION_COMMENTS = YES;
				CLANG_WARN_EMPTY_BODY = YES;
				CLANG_WARN_ENUM_CONVERSION = YES;
				CLANG_WARN_INFINITE_RECURSION = YES;
				CLANG_WARN_INT_CONVERSION = YES;
				CLANG_WARN_OBJC_ROOT_CLASS = YES_ERROR;
				CLANG_WARN_SUSPICIOUS_MOVE = YES;
				CLANG_WARN_UNREACHABLE_CODE = YES;
				CLANG_WARN__DUPLICATE_METHOD_MATCH = YES;
				"CODE_SIGN_IDENTITY[sdk=iphoneos*]" = "iPhone Developer";
				COPY_PHASE_STRIP = NO;
				DEBUG_INFORMATION_FORMAT = dwarf;
				ENABLE_STRICT_OBJC_MSGSEND = YES;
				ENABLE_TESTABILITY = YES;
				GCC_C_LANGUAGE_STANDARD = gnu99;
				GCC_DYNAMIC_NO_PIC = NO;
				GCC_NO_COMMON_BLOCKS = YES;
				GCC_OPTIMIZATION_LEVEL = 0;
				GCC_PREPROCESSOR_DEFINITIONS = (
					"DEBUG=1",
					"$(inherited)",
				);
				GCC_WARN_64_TO_32_BIT_CONVERSION = YES;
				GCC_WARN_ABOUT_RETURN_TYPE = YES_ERROR;
				GCC_WARN_UNDECLARED_SELECTOR = YES;
				GCC_WARN_UNINITIALIZED_AUTOS = YES_AGGRESSIVE;
				GCC_WARN_UNUSED_FUNCTION = YES;
				GCC_WARN_UNUSED_VARIABLE = YES;
				IPHONEOS_DEPLOYMENT_TARGET = 10.3;
				MTL_ENABLE_DEBUG_INFO = YES;
				ONLY_ACTIVE_ARCH = YES;
				SDKROOT = iphoneos;
				TARGETED_DEVICE_FAMILY = "1,2";
			};
			name = Debug;
		};
		D9E8FA2B1E939CC1009A70A0 /* Release */ = {
			isa = XCBuildConfiguration;
			buildSettings = {
				ALWAYS_SEARCH_USER_PATHS = NO;
				CLANG_ANALYZER_NONNULL = YES;
				CLANG_ANALYZER_NUMBER_OBJECT_CONVERSION = YES_AGGRESSIVE;
				CLANG_CXX_LANGUAGE_STANDARD = "gnu++0x";
				CLANG_CXX_LIBRARY = "libc++";
				CLANG_ENABLE_MODULES = YES;
				CLANG_ENABLE_OBJC_ARC = YES;
				CLANG_WARN_BOOL_CONVERSION = YES;
				CLANG_WARN_CONSTANT_CONVERSION = YES;
				CLANG_WARN_DIRECT_OBJC_ISA_USAGE = YES_ERROR;
				CLANG_WARN_DOCUMENTATION_COMMENTS = YES;
				CLANG_WARN_EMPTY_BODY = YES;
				CLANG_WARN_ENUM_CONVERSION = YES;
				CLANG_WARN_INFINITE_RECURSION = YES;
				CLANG_WARN_INT_CONVERSION = YES;
				CLANG_WARN_OBJC_ROOT_CLASS = YES_ERROR;
				CLANG_WARN_SUSPICIOUS_MOVE = YES;
				CLANG_WARN_UNREACHABLE_CODE = YES;
				CLANG_WARN__DUPLICATE_METHOD_MATCH = YES;
				"CODE_SIGN_IDENTITY[sdk=iphoneos*]" = "iPhone Developer";
				COPY_PHASE_STRIP = NO;
				DEBUG_INFORMATION_FORMAT = "dwarf-with-dsym";
				ENABLE_NS_ASSERTIONS = NO;
				ENABLE_STRICT_OBJC_MSGSEND = YES;
				GCC_C_LANGUAGE_STANDARD = gnu99;
				GCC_NO_COMMON_BLOCKS = YES;
				GCC_WARN_64_TO_32_BIT_CONVERSION = YES;
				GCC_WARN_ABOUT_RETURN_TYPE = YES_ERROR;
				GCC_WARN_UNDECLARED_SELECTOR = YES;
				GCC_WARN_UNINITIALIZED_AUTOS = YES_AGGRESSIVE;
				GCC_WARN_UNUSED_FUNCTION = YES;
				GCC_WARN_UNUSED_VARIABLE = YES;
				IPHONEOS_DEPLOYMENT_TARGET = 10.3;
				MTL_ENABLE_DEBUG_INFO = NO;
				SDKROOT = iphoneos;
				TARGETED_DEVICE_FAMILY = "1,2";
				VALIDATE_PRODUCT = YES;
			};
			name = Release;
		};
		D9E8FA2D1E939CC1009A70A0 /* Debug */ = {
			isa = XCBuildConfiguration;
			buildSettings = {
				ASSETCATALOG_COMPILER_APPICON_NAME = AppIcon;
				DEVELOPMENT_TEAM = 8M63B65N66;
				INFOPLIST_FILE = BlendModes/Info.plist;
				LD_RUNPATH_SEARCH_PATHS = "$(inherited) @executable_path/Frameworks";
				PRODUCT_BUNDLE_IDENTIFIER = com.quangtqag.BlendModes;
				PRODUCT_NAME = "$(TARGET_NAME)";
			};
			name = Debug;
		};
		D9E8FA2E1E939CC1009A70A0 /* Release */ = {
			isa = XCBuildConfiguration;
			buildSettings = {
				ASSETCATALOG_COMPILER_APPICON_NAME = AppIcon;
				DEVELOPMENT_TEAM = 8M63B65N66;
				INFOPLIST_FILE = BlendModes/Info.plist;
				LD_RUNPATH_SEARCH_PATHS = "$(inherited) @executable_path/Frameworks";
				PRODUCT_BUNDLE_IDENTIFIER = com.quangtqag.BlendModes;
				PRODUCT_NAME = "$(TARGET_NAME)";
			};
			name = Release;
		};
/* End XCBuildConfiguration section */

/* Begin XCConfigurationList section */
		D9E8FA101E939CC0009A70A0 /* Build configuration list for PBXProject "BlendModes" */ = {
			isa = XCConfigurationList;
			buildConfigurations = (
				D9E8FA2A1E939CC1009A70A0 /* Debug */,
				D9E8FA2B1E939CC1009A70A0 /* Release */,
			);
			defaultConfigurationIsVisible = 0;
			defaultConfigurationName = Release;
		};
		D9E8FA2C1E939CC1009A70A0 /* Build configuration list for PBXNativeTarget "Blend Modes" */ = {
			isa = XCConfigurationList;
			buildConfigurations = (
				D9E8FA2D1E939CC1009A70A0 /* Debug */,
				D9E8FA2E1E939CC1009A70A0 /* Release */,
			);
			defaultConfigurationIsVisible = 0;
			defaultConfigurationName = Release;
		};
/* End XCConfigurationList section */
	};
	rootObject = D9E8FA0D1E939CC0009A70A0 /* Project object */;
}
