// !$*UTF8*$!
{
	archiveVersion = 1;
	classes = {
	};
	objectVersion = 46;
	objects = {

/* Begin PBXBuildFile section */
		1B37F2621EC6A3DA00C88102 /* main.m in Sources */ = {isa = PBXBuildFile; fileRef = 1B37F2611EC6A3DA00C88102 /* main.m */; };
		1B37F2651EC6A3DA00C88102 /* AppDelegate.m in Sources */ = {isa = PBXBuildFile; fileRef = 1B37F2641EC6A3DA00C88102 /* AppDelegate.m */; };
		1B37F2681EC6A3DA00C88102 /* ViewController.m in Sources */ = {isa = PBXBuildFile; fileRef = 1B37F2671EC6A3DA00C88102 /* ViewController.m */; };
		1B37F26B1EC6A3DA00C88102 /* Main.storyboard in Resources */ = {isa = PBXBuildFile; fileRef = 1B37F2691EC6A3DA00C88102 /* Main.storyboard */; };
		1B37F26D1EC6A3DA00C88102 /* Assets.xcassets in Resources */ = {isa = PBXBuildFile; fileRef = 1B37F26C1EC6A3DA00C88102 /* Assets.xcassets */; };
		1B37F2701EC6A3DA00C88102 /* LaunchScreen.storyboard in Resources */ = {isa = PBXBuildFile; fileRef = 1B37F26E1EC6A3DA00C88102 /* LaunchScreen.storyboard */; };
		1B37F2791EC6A54300C88102 /* DWFParticleView.m in Sources */ = {isa = PBXBuildFile; fileRef = 1B37F2781EC6A54300C88102 /* DWFParticleView.m */; };
/* End PBXBuildFile section */

/* Begin PBXFileReference section */
		1B37F25D1EC6A3DA00C88102 /* DrawWithFire.app */ = {isa = PBXFileReference; explicitFileType = wrapper.application; includeInIndex = 0; path = DrawWithFire.app; sourceTree = BUILT_PRODUCTS_DIR; };
		1B37F2611EC6A3DA00C88102 /* main.m */ = {isa = PBXFileReference; lastKnownFileType = sourcecode.c.objc; path = main.m; sourceTree = "<group>"; };
		1B37F2631EC6A3DA00C88102 /* AppDelegate.h */ = {isa = PBXFileReference; lastKnownFileType = sourcecode.c.h; path = AppDelegate.h; sourceTree = "<group>"; };
		1B37F2641EC6A3DA00C88102 /* AppDelegate.m */ = {isa = PBXFileReference; lastKnownFileType = sourcecode.c.objc; path = AppDelegate.m; sourceTree = "<group>"; };
		1B37F2661EC6A3DA00C88102 /* ViewController.h */ = {isa = PBXFileReference; lastKnownFileType = sourcecode.c.h; path = ViewController.h; sourceTree = "<group>"; };
		1B37F2671EC6A3DA00C88102 /* ViewController.m */ = {isa = PBXFileReference; lastKnownFileType = sourcecode.c.objc; path = ViewController.m; sourceTree = "<group>"; };
		1B37F26A1EC6A3DA00C88102 /* Base */ = {isa = PBXFileReference; lastKnownFileType = file.storyboard; name = Base; path = Base.lproj/Main.storyboard; sourceTree = "<group>"; };
		1B37F26C1EC6A3DA00C88102 /* Assets.xcassets */ = {isa = PBXFileReference; lastKnownFileType = folder.assetcatalog; path = Assets.xcassets; sourceTree = "<group>"; };
		1B37F26F1EC6A3DA00C88102 /* Base */ = {isa = PBXFileReference; lastKnownFileType = file.storyboard; name = Base; path = Base.lproj/LaunchScreen.storyboard; sourceTree = "<group>"; };
		1B37F2711EC6A3DA00C88102 /* Info.plist */ = {isa = PBXFileReference; lastKnownFileType = text.plist.xml; path = Info.plist; sourceTree = "<group>"; };
		1B37F2771EC6A54300C88102 /* DWFParticleView.h */ = {isa = PBXFileReference; fileEncoding = 4; lastKnownFileType = sourcecode.c.h; path = DWFParticleView.h; sourceTree = "<group>"; };
		1B37F2781EC6A54300C88102 /* DWFParticleView.m */ = {isa = PBXFileReference; fileEncoding = 4; lastKnownFileType = sourcecode.c.objc; path = DWFParticleView.m; sourceTree = "<group>"; };
/* End PBXFileReference section */

/* Begin PBXFrameworksBuildPhase section */
		1B37F25A1EC6A3DA00C88102 /* Frameworks */ = {
			isa = PBXFrameworksBuildPhase;
			buildActionMask = 2147483647;
			files = (
			);
			runOnlyForDeploymentPostprocessing = 0;
		};
/* End PBXFrameworksBuildPhase section */

/* Begin PBXGroup section */
		1B37F2541EC6A3DA00C88102 = {
			isa = PBXGroup;
			children = (
				1B37F25F1EC6A3DA00C88102 /* DrawWithFire */,
				1B37F25E1EC6A3DA00C88102 /* Products */,
			);
			sourceTree = "<group>";
		};
		1B37F25E1EC6A3DA00C88102 /* Products */ = {
			isa = PBXGroup;
			children = (
				1B37F25D1EC6A3DA00C88102 /* DrawWithFire.app */,
			);
			name = Products;
			sourceTree = "<group>";
		};
		1B37F25F1EC6A3DA00C88102 /* DrawWithFire */ = {
			isa = PBXGroup;
			children = (
				1B37F2631EC6A3DA00C88102 /* AppDelegate.h */,
				1B37F2641EC6A3DA00C88102 /* AppDelegate.m */,
				1B37F2661EC6A3DA00C88102 /* ViewController.h */,
				1B37F2671EC6A3DA00C88102 /* ViewController.m */,
				1B37F2691EC6A3DA00C88102 /* Main.storyboard */,
				1B37F26C1EC6A3DA00C88102 /* Assets.xcassets */,
				1B37F26E1EC6A3DA00C88102 /* LaunchScreen.storyboard */,
				1B37F2711EC6A3DA00C88102 /* Info.plist */,
				1B37F2601EC6A3DA00C88102 /* Supporting Files */,
				1B37F2771EC6A54300C88102 /* DWFParticleView.h */,
				1B37F2781EC6A54300C88102 /* DWFParticleView.m */,
			);
			path = DrawWithFire;
			sourceTree = "<group>";
		};
		1B37F2601EC6A3DA00C88102 /* Supporting Files */ = {
			isa = PBXGroup;
			children = (
				1B37F2611EC6A3DA00C88102 /* main.m */,
			);
			name = "Supporting Files";
			sourceTree = "<group>";
		};
/* End PBXGroup section */

/* Begin PBXNativeTarget section */
		1B37F25C1EC6A3DA00C88102 /* DrawWithFire */ = {
			isa = PBXNativeTarget;
			buildConfigurationList = 1B37F2741EC6A3DA00C88102 /* Build configuration list for PBXNativeTarget "DrawWithFire" */;
			buildPhases = (
				1B37F2591EC6A3DA00C88102 /* Sources */,
				1B37F25A1EC6A3DA00C88102 /* Frameworks */,
				1B37F25B1EC6A3DA00C88102 /* Resources */,
			);
			buildRules = (
			);
			dependencies = (
			);
			name = DrawWithFire;
			productName = DrawWithFire;
			productReference = 1B37F25D1EC6A3DA00C88102 /* DrawWithFire.app */;
			productType = "com.apple.product-type.application";
		};
/* End PBXNativeTarget section */

/* Begin PBXProject section */
		1B37F2551EC6A3DA00C88102 /* Project object */ = {
			isa = PBXProject;
			attributes = {
				LastUpgradeCheck = 0830;
				ORGANIZATIONNAME = "Quang Tran";
				TargetAttributes = {
					1B37F25C1EC6A3DA00C88102 = {
						CreatedOnToolsVersion = 8.3;
						DevelopmentTeam = 8M63B65N66;
						ProvisioningStyle = Automatic;
					};
				};
			};
			buildConfigurationList = 1B37F2581EC6A3DA00C88102 /* Build configuration list for PBXProject "DrawWithFire" */;
			compatibilityVersion = "Xcode 3.2";
			developmentRegion = English;
			hasScannedForEncodings = 0;
			knownRegions = (
				en,
				Base,
			);
			mainGroup = 1B37F2541EC6A3DA00C88102;
			productRefGroup = 1B37F25E1EC6A3DA00C88102 /* Products */;
			projectDirPath = "";
			projectRoot = "";
			targets = (
				1B37F25C1EC6A3DA00C88102 /* DrawWithFire */,
			);
		};
/* End PBXProject section */

/* Begin PBXResourcesBuildPhase section */
		1B37F25B1EC6A3DA00C88102 /* Resources */ = {
			isa = PBXResourcesBuildPhase;
			buildActionMask = 2147483647;
			files = (
				1B37F2701EC6A3DA00C88102 /* LaunchScreen.storyboard in Resources */,
				1B37F26D1EC6A3DA00C88102 /* Assets.xcassets in Resources */,
				1B37F26B1EC6A3DA00C88102 /* Main.storyboard in Resources */,
			);
			runOnlyForDeploymentPostprocessing = 0;
		};
/* End PBXResourcesBuildPhase section */

/* Begin PBXSourcesBuildPhase section */
		1B37F2591EC6A3DA00C88102 /* Sources */ = {
			isa = PBXSourcesBuildPhase;
			buildActionMask = 2147483647;
			files = (
				1B37F2791EC6A54300C88102 /* DWFParticleView.m in Sources */,
				1B37F2681EC6A3DA00C88102 /* ViewController.m in Sources */,
				1B37F2651EC6A3DA00C88102 /* AppDelegate.m in Sources */,
				1B37F2621EC6A3DA00C88102 /* main.m in Sources */,
			);
			runOnlyForDeploymentPostprocessing = 0;
		};
/* End PBXSourcesBuildPhase section */

/* Begin PBXVariantGroup section */
		1B37F2691EC6A3DA00C88102 /* Main.storyboard */ = {
			isa = PBXVariantGroup;
			children = (
				1B37F26A1EC6A3DA00C88102 /* Base */,
			);
			name = Main.storyboard;
			sourceTree = "<group>";
		};
		1B37F26E1EC6A3DA00C88102 /* LaunchScreen.storyboard */ = {
			isa = PBXVariantGroup;
			children = (
				1B37F26F1EC6A3DA00C88102 /* Base */,
			);
			name = LaunchScreen.storyboard;
			sourceTree = "<group>";
		};
/* End PBXVariantGroup section */

/* Begin XCBuildConfiguration section */
		1B37F2721EC6A3DA00C88102 /* Debug */ = {
			isa = XCBuildConfiguration;
			buildSettings = {
				ALWAYS_SEARCH_USER_PATHS = NO;
				CLANG_ANALYZER_NONNULL = YES;
				CLANG_ANALYZER_NUMBER_OBJECT_CONVERSION = YES_AGGRESSIVE;
				CLANG_CXX_LANGUAGE_STANDARD = "gnu++0x";
				CLANG_CXX_LIBRARY = "libc++";
				CLANG_ENABLE_MODULES = YES;
				CLANG_ENABLE_OBJC_ARC = YES;
				CLANG_WARN_BOOL_CONVERSION = YES;
				CLANG_WARN_CONSTANT_CONVERSION = YES;
				CLANG_WARN_DIRECT_OBJC_ISA_USAGE = YES_ERROR;
				CLANG_WARN_DOCUMENTATION_COMMENTS = YES;
				CLANG_WARN_EMPTY_BODY = YES;
				CLANG_WARN_ENUM_CONVERSION = YES;
				CLANG_WARN_INFINITE_RECURSION = YES;
				CLANG_WARN_INT_CONVERSION = YES;
				CLANG_WARN_OBJC_ROOT_CLASS = YES_ERROR;
				CLANG_WARN_SUSPICIOUS_MOVE = YES;
				CLANG_WARN_UNREACHABLE_CODE = YES;
				CLANG_WARN__DUPLICATE_METHOD_MATCH = YES;
				"CODE_SIGN_IDENTITY[sdk=iphoneos*]" = "iPhone Developer";
				COPY_PHASE_STRIP = NO;
				DEBUG_INFORMATION_FORMAT = dwarf;
				ENABLE_STRICT_OBJC_MSGSEND = YES;
				ENABLE_TESTABILITY = YES;
				GCC_C_LANGUAGE_STANDARD = gnu99;
				GCC_DYNAMIC_NO_PIC = NO;
				GCC_NO_COMMON_BLOCKS = YES;
				GCC_OPTIMIZATION_LEVEL = 0;
				GCC_PREPROCESSOR_DEFINITIONS = (
					"DEBUG=1",
					"$(inherited)",
				);
				GCC_WARN_64_TO_32_BIT_CONVERSION = YES;
				GCC_WARN_ABOUT_RETURN_TYPE = YES_ERROR;
				GCC_WARN_UNDECLARED_SELECTOR = YES;
				GCC_WARN_UNINITIALIZED_AUTOS = YES_AGGRESSIVE;
				GCC_WARN_UNUSED_FUNCTION = YES;
				GCC_WARN_UNUSED_VARIABLE = YES;
				IPHONEOS_DEPLOYMENT_TARGET = 10.3;
				MTL_ENABLE_DEBUG_INFO = YES;
				ONLY_ACTIVE_ARCH = YES;
				SDKROOT = iphoneos;
				TARGETED_DEVICE_FAMILY = "1,2";
			};
			name = Debug;
		};
		1B37F2731EC6A3DA00C88102 /* Release */ = {
			isa = XCBuildConfiguration;
			buildSettings = {
				ALWAYS_SEARCH_USER_PATHS = NO;
				CLANG_ANALYZER_NONNULL = YES;
				CLANG_ANALYZER_NUMBER_OBJECT_CONVERSION = YES_AGGRESSIVE;
				CLANG_CXX_LANGUAGE_STANDARD = "gnu++0x";
				CLANG_CXX_LIBRARY = "libc++";
				CLANG_ENABLE_MODULES = YES;
				CLANG_ENABLE_OBJC_ARC = YES;
				CLANG_WARN_BOOL_CONVERSION = YES;
				CLANG_WARN_CONSTANT_CONVERSION = YES;
				CLANG_WARN_DIRECT_OBJC_ISA_USAGE = YES_ERROR;
				CLANG_WARN_DOCUMENTATION_COMMENTS = YES;
				CLANG_WARN_EMPTY_BODY = YES;
				CLANG_WARN_ENUM_CONVERSION = YES;
				CLANG_WARN_INFINITE_RECURSION = YES;
				CLANG_WARN_INT_CONVERSION = YES;
				CLANG_WARN_OBJC_ROOT_CLASS = YES_ERROR;
				CLANG_WARN_SUSPICIOUS_MOVE = YES;
				CLANG_WARN_UNREACHABLE_CODE = YES;
				CLANG_WARN__DUPLICATE_METHOD_MATCH = YES;
				"CODE_SIGN_IDENTITY[sdk=iphoneos*]" = "iPhone Developer";
				COPY_PHASE_STRIP = NO;
				DEBUG_INFORMATION_FORMAT = "dwarf-with-dsym";
				ENABLE_NS_ASSERTIONS = NO;
				ENABLE_STRICT_OBJC_MSGSEND = YES;
				GCC_C_LANGUAGE_STANDARD = gnu99;
				GCC_NO_COMMON_BLOCKS = YES;
				GCC_WARN_64_TO_32_BIT_CONVERSION = YES;
				GCC_WARN_ABOUT_RETURN_TYPE = YES_ERROR;
				GCC_WARN_UNDECLARED_SELECTOR = YES;
				GCC_WARN_UNINITIALIZED_AUTOS = YES_AGGRESSIVE;
				GCC_WARN_UNUSED_FUNCTION = YES;
				GCC_WARN_UNUSED_VARIABLE = YES;
				IPHONEOS_DEPLOYMENT_TARGET = 10.3;
				MTL_ENABLE_DEBUG_INFO = NO;
				SDKROOT = iphoneos;
				TARGETED_DEVICE_FAMILY = "1,2";
				VALIDATE_PRODUCT = YES;
			};
			name = Release;
		};
		1B37F2751EC6A3DA00C88102 /* Debug */ = {
			isa = XCBuildConfiguration;
			buildSettings = {
				ASSETCATALOG_COMPILER_APPICON_NAME = AppIcon;
				DEVELOPMENT_TEAM = 8M63B65N66;
				INFOPLIST_FILE = DrawWithFire/Info.plist;
				LD_RUNPATH_SEARCH_PATHS = "$(inherited) @executable_path/Frameworks";
				PRODUCT_BUNDLE_IDENTIFIER = com.quangtqag.DrawWithFire;
				PRODUCT_NAME = "$(TARGET_NAME)";
			};
			name = Debug;
		};
		1B37F2761EC6A3DA00C88102 /* Release */ = {
			isa = XCBuildConfiguration;
			buildSettings = {
				ASSETCATALOG_COMPILER_APPICON_NAME = AppIcon;
				DEVELOPMENT_TEAM = 8M63B65N66;
				INFOPLIST_FILE = DrawWithFire/Info.plist;
				LD_RUNPATH_SEARCH_PATHS = "$(inherited) @executable_path/Frameworks";
				PRODUCT_BUNDLE_IDENTIFIER = com.quangtqag.DrawWithFire;
				PRODUCT_NAME = "$(TARGET_NAME)";
			};
			name = Release;
		};
/* End XCBuildConfiguration section */

/* Begin XCConfigurationList section */
		1B37F2581EC6A3DA00C88102 /* Build configuration list for PBXProject "DrawWithFire" */ = {
			isa = XCConfigurationList;
			buildConfigurations = (
				1B37F2721EC6A3DA00C88102 /* Debug */,
				1B37F2731EC6A3DA00C88102 /* Release */,
			);
			defaultConfigurationIsVisible = 0;
			defaultConfigurationName = Release;
		};
		1B37F2741EC6A3DA00C88102 /* Build configuration list for PBXNativeTarget "DrawWithFire" */ = {
			isa = XCConfigurationList;
			buildConfigurations = (
				1B37F2751EC6A3DA00C88102 /* Debug */,
				1B37F2761EC6A3DA00C88102 /* Release */,
			);
			defaultConfigurationIsVisible = 0;
		};
/* End XCConfigurationList section */
	};
	rootObject = 1B37F2551EC6A3DA00C88102 /* Project object */;
}
